{
  "name": "api-handshake-skill",
  "version": "0.1.0",
  "lockfileVersion": 3,
  "requires": true,
  "packages": {
    "": {
      "name": "api-handshake-skill",
      "version": "0.1.0",
      "license": "MIT",
      "bin": {
        "api-handshake-skill": "bin/api-handshake-skill.js"
      },
      "engines": {
        "node": ">=20"
      }
    }
  }
}
